gitee.com/ivfzhou/study_golang/language_specification/mvs/e v1.1.0 h1:eclvfCPrN1utqdr51XvHK17yKLyE3VEaKqynU/gxDbk=
gitee.com/ivfzhou/study_golang/language_specification/mvs/e v1.1.0/go.mod h1:T7secNkTNFpk9XlprNnFm/pRfRYZEDl7k/Wk15YbOME=
gitee.com/ivfzhou/study_golang/language_specification/mvs/f v1.1.0 h1:mx6M/NaFBXfd+DWQhunY10/RrIbPlh0YaQX6mBkt+W0=
gitee.com/ivfzhou/study_golang/language_specification/mvs/f v1.1.0/go.mod h1:ApEG70rJpm7RZLqRKcm8rPO3SVUmXCcdoStayXrwA+U=
