gitee.com/ivfzhou/study_golang/language_specification/mvs/c v1.4.0 h1:I2JDwiB3p+Z4ouvY3g4jRL8+8KSAHxO+sKRSFp4SdYE=
gitee.com/ivfzhou/study_golang/language_specification/mvs/c v1.4.0/go.mod h1:oUR8UKhZ03J7eqmH4Jsq+fJRgvuGb79dMZBFJz38ALs=
gitee.com/ivfzhou/study_golang/language_specification/mvs/d v1.2.0 h1:k+zgykGvSdWrjDDppPq+rV+qBDkq+mwtJJwq5VC3r3E=
gitee.com/ivfzhou/study_golang/language_specification/mvs/d v1.2.0/go.mod h1:OkiNfOBQgRhW+vXwQibkrxjAipzZxux0f1IwKoGjo9A=
