gitee.com/ivfzhou/study_golang/language_specification/mvs/a v1.2.0 h1:nLXNp3OTwAob70w6+qWLqLa+eX2jWOq+8szpXutwIAQ=
gitee.com/ivfzhou/study_golang/language_specification/mvs/a v1.2.0/go.mod h1:I/XancIOPdPuCp3iU51LpOhQseCNoCo9drp03ar6RiU=
gitee.com/ivfzhou/study_golang/language_specification/mvs/b v1.2.0 h1:Ve996WguRLqwM1lW233CQiGumSS5t1M1iTihVoX0uo0=
gitee.com/ivfzhou/study_golang/language_specification/mvs/b v1.2.0/go.mod h1:WHHE99In1C7OkNO3nJvD54LmZ/JI3ypD0vck+pnbXxo=
gitee.com/ivfzhou/study_golang/language_specification/mvs/c v1.4.0 h1:I2JDwiB3p+Z4ouvY3g4jRL8+8KSAHxO+sKRSFp4SdYE=
gitee.com/ivfzhou/study_golang/language_specification/mvs/c v1.4.0/go.mod h1:oUR8UKhZ03J7eqmH4Jsq+fJRgvuGb79dMZBFJz38ALs=
gitee.com/ivfzhou/study_golang/language_specification/mvs/d v1.2.0 h1:k+zgykGvSdWrjDDppPq+rV+qBDkq+mwtJJwq5VC3r3E=
gitee.com/ivfzhou/study_golang/language_specification/mvs/d v1.2.0/go.mod h1:OkiNfOBQgRhW+vXwQibkrxjAipzZxux0f1IwKoGjo9A=
